// !$*UTF8*$!
{
	archiveVersion = 1;
	classes = {
	};
	objectVersion = 52;
	objects = {

/* Begin PBXBuildFile section */
		2635CF71248831A30020309B /* Notes_ViewController in Resources */ = {isa = PBXBuildFile; fileRef = 2635CF70248831A30020309B /* Notes_ViewController */; };
		26391C6C24145628009BDAA4 /* AppDelegate.swift in Sources */ = {isa = PBXBuildFile; fileRef = 26391C6B24145628009BDAA4 /* AppDelegate.swift */; };
		26391C6E24145628009BDAA4 /* ViewController.swift in Sources */ = {isa = PBXBuildFile; fileRef = 26391C6D24145628009BDAA4 /* ViewController.swift */; };
		26391C7124145628009BDAA4 /* Main.storyboard in Resources */ = {isa = PBXBuildFile; fileRef = 26391C6F24145628009BDAA4 /* Main.storyboard */; };
		26391C732414562B009BDAA4 /* Assets.xcassets in Resources */ = {isa = PBXBuildFile; fileRef = 26391C722414562B009BDAA4 /* Assets.xcassets */; };
		26391C762414562B009BDAA4 /* LaunchScreen.storyboard in Resources */ = {isa = PBXBuildFile; fileRef = 26391C742414562B009BDAA4 /* LaunchScreen.storyboard */; };
		2639699F242FC3830063886E /* CoordinateViewController.swift in Sources */ = {isa = PBXBuildFile; fileRef = 2639699E242FC3830063886E /* CoordinateViewController.swift */; };
		7C04F00E25B2426B005498BB /* HomeViewController.swift in Sources */ = {isa = PBXBuildFile; fileRef = 7C04F00D25B2426B005498BB /* HomeViewController.swift */; };
		7CBFC617278E38D70088DF56 /* Alamofire in Frameworks */ = {isa = PBXBuildFile; productRef = 7CBFC616278E38D70088DF56 /* Alamofire */; };
		7CEA5758258BE43B00F43A15 /* AddressToCoordinates.swift in Sources */ = {isa = PBXBuildFile; fileRef = 7CEA5757258BE43B00F43A15 /* AddressToCoordinates.swift */; };
/* End PBXBuildFile section */

/* Begin PBXFileReference section */
		2635CF70248831A30020309B /* Notes_ViewController */ = {isa = PBXFileReference; lastKnownFileType = text; path = Notes_ViewController; sourceTree = "<group>"; wrapsLines = 1; };
		26391C6824145628009BDAA4 /* Location.app */ = {isa = PBXFileReference; explicitFileType = wrapper.application; includeInIndex = 0; path = Location.app; sourceTree = BUILT_PRODUCTS_DIR; };
		26391C6B24145628009BDAA4 /* AppDelegate.swift */ = {isa = PBXFileReference; lastKnownFileType = sourcecode.swift; path = AppDelegate.swift; sourceTree = "<group>"; };
		26391C6D24145628009BDAA4 /* ViewController.swift */ = {isa = PBXFileReference; lastKnownFileType = sourcecode.swift; path = ViewController.swift; sourceTree = "<group>"; };
		26391C7024145628009BDAA4 /* Base */ = {isa = PBXFileReference; lastKnownFileType = file.storyboard; name = Base; path = Base.lproj/Main.storyboard; sourceTree = "<group>"; };
		26391C722414562B009BDAA4 /* Assets.xcassets */ = {isa = PBXFileReference; lastKnownFileType = folder.assetcatalog; path = Assets.xcassets; sourceTree = "<group>"; };
		26391C752414562B009BDAA4 /* Base */ = {isa = PBXFileReference; lastKnownFileType = file.storyboard; name = Base; path = Base.lproj/LaunchScreen.storyboard; sourceTree = "<group>"; };
		26391C772414562B009BDAA4 /* Info.plist */ = {isa = PBXFileReference; lastKnownFileType = text.plist.xml; path = Info.plist; sourceTree = "<group>"; };
		2639699E242FC3830063886E /* CoordinateViewController.swift */ = {isa = PBXFileReference; lastKnownFileType = sourcecode.swift; path = CoordinateViewController.swift; sourceTree = "<group>"; };
		7C04F00D25B2426B005498BB /* HomeViewController.swift */ = {isa = PBXFileReference; lastKnownFileType = sourcecode.swift; path = HomeViewController.swift; sourceTree = "<group>"; };
		7CEA5757258BE43B00F43A15 /* AddressToCoordinates.swift */ = {isa = PBXFileReference; lastKnownFileType = sourcecode.swift; path = AddressToCoordinates.swift; sourceTree = "<group>"; };
/* End PBXFileReference section */

/* Begin PBXFrameworksBuildPhase section */
		26391C6524145628009BDAA4 /* Frameworks */ = {
			isa = PBXFrameworksBuildPhase;
			buildActionMask = 2147483647;
			files = (
				7CBFC617278E38D70088DF56 /* Alamofire in Frameworks */,
			);
			runOnlyForDeploymentPostprocessing = 0;
		};
/* End PBXFrameworksBuildPhase section */

/* Begin PBXGroup section */
		26391C5F24145628009BDAA4 = {
			isa = PBXGroup;
			children = (
				26391C6A24145628009BDAA4 /* Location */,
				26391C6924145628009BDAA4 /* Products */,
			);
			sourceTree = "<group>";
		};
		26391C6924145628009BDAA4 /* Products */ = {
			isa = PBXGroup;
			children = (
				26391C6824145628009BDAA4 /* Location.app */,
			);
			name = Products;
			sourceTree = "<group>";
		};
		26391C6A24145628009BDAA4 /* Location */ = {
			isa = PBXGroup;
			children = (
				26391C6B24145628009BDAA4 /* AppDelegate.swift */,
				7CEA5757258BE43B00F43A15 /* AddressToCoordinates.swift */,
				2639699E242FC3830063886E /* CoordinateViewController.swift */,
				26391C6D24145628009BDAA4 /* ViewController.swift */,
				7C04F00D25B2426B005498BB /* HomeViewController.swift */,
				26391C6F24145628009BDAA4 /* Main.storyboard */,
				26391C722414562B009BDAA4 /* Assets.xcassets */,
				26391C742414562B009BDAA4 /* LaunchScreen.storyboard */,
				26391C772414562B009BDAA4 /* Info.plist */,
				2635CF70248831A30020309B /* Notes_ViewController */,
			);
			path = Location;
			sourceTree = "<group>";
		};
/* End PBXGroup section */

/* Begin PBXNativeTarget section */
		26391C6724145628009BDAA4 /* Location */ = {
			isa = PBXNativeTarget;
			buildConfigurationList = 26391C7A2414562B009BDAA4 /* Build configuration list for PBXNativeTarget "Location" */;
			buildPhases = (
				26391C6424145628009BDAA4 /* Sources */,
				26391C6524145628009BDAA4 /* Frameworks */,
				26391C6624145628009BDAA4 /* Resources */,
			);
			buildRules = (
			);
			dependencies = (
			);
			name = Location;
			packageProductDependencies = (
				7CBFC616278E38D70088DF56 /* Alamofire */,
			);
			productName = Location;
			productReference = 26391C6824145628009BDAA4 /* Location.app */;
			productType = "com.apple.product-type.application";
		};
/* End PBXNativeTarget section */

/* Begin PBXProject section */
		26391C6024145628009BDAA4 /* Project object */ = {
			isa = PBXProject;
			attributes = {
				LastSwiftUpdateCheck = 1010;
				LastUpgradeCheck = 1250;
				ORGANIZATIONNAME = "Sankalp Shubham";
				TargetAttributes = {
					26391C6724145628009BDAA4 = {
						CreatedOnToolsVersion = 10.1;
						LastSwiftMigration = 1250;
					};
				};
			};
			buildConfigurationList = 26391C6324145628009BDAA4 /* Build configuration list for PBXProject "Location" */;
			compatibilityVersion = "Xcode 9.3";
			developmentRegion = en;
			hasScannedForEncodings = 0;
			knownRegions = (
				en,
				Base,
			);
			mainGroup = 26391C5F24145628009BDAA4;
			packageReferences = (
				7CBFC615278E38D70088DF56 /* XCRemoteSwiftPackageReference "Alamofire" */,
			);
			productRefGroup = 26391C6924145628009BDAA4 /* Products */;
			projectDirPath = "";
			projectRoot = "";
			targets = (
				26391C6724145628009BDAA4 /* Location */,
			);
		};
/* End PBXProject section */

/* Begin PBXResourcesBuildPhase section */
		26391C6624145628009BDAA4 /* Resources */ = {
			isa = PBXResourcesBuildPhase;
			buildActionMask = 2147483647;
			files = (
				2635CF71248831A30020309B /* Notes_ViewController in Resources */,
				26391C762414562B009BDAA4 /* LaunchScreen.storyboard in Resources */,
				26391C732414562B009BDAA4 /* Assets.xcassets in Resources */,
				26391C7124145628009BDAA4 /* Main.storyboard in Resources */,
			);
			runOnlyForDeploymentPostprocessing = 0;
		};
/* End PBXResourcesBuildPhase section */

/* Begin PBXSourcesBuildPhase section */
		26391C6424145628009BDAA4 /* Sources */ = {
			isa = PBXSourcesBuildPhase;
			buildActionMask = 2147483647;
			files = (
				7C04F00E25B2426B005498BB /* HomeViewController.swift in Sources */,
				26391C6E24145628009BDAA4 /* ViewController.swift in Sources */,
				2639699F242FC3830063886E /* CoordinateViewController.swift in Sources */,
				26391C6C24145628009BDAA4 /* AppDelegate.swift in Sources */,
				7CEA5758258BE43B00F43A15 /* AddressToCoordinates.swift in Sources */,
			);
			runOnlyForDeploymentPostprocessing = 0;
		};
/* End PBXSourcesBuildPhase section */

/* Begin PBXVariantGroup section */
		26391C6F24145628009BDAA4 /* Main.storyboard */ = {
			isa = PBXVariantGroup;
			children = (
				26391C7024145628009BDAA4 /* Base */,
			);
			name = Main.storyboard;
			sourceTree = "<group>";
		};
		26391C742414562B009BDAA4 /* LaunchScreen.storyboard */ = {
			isa = PBXVariantGroup;
			children = (
				26391C752414562B009BDAA4 /* Base */,
			);
			name = LaunchScreen.storyboard;
			sourceTree = "<group>";
		};
/* End PBXVariantGroup section */

/* Begin XCBuildConfiguration section */
		26391C782414562B009BDAA4 /* Debug */ = {
			isa = XCBuildConfiguration;
			buildSettings = {
				ALWAYS_SEARCH_USER_PATHS = NO;
				CLANG_ANALYZER_NONNULL = YES;
				CLANG_ANALYZER_NUMBER_OBJECT_CONVERSION = YES_AGGRESSIVE;
				CLANG_CXX_LANGUAGE_STANDARD = "gnu++14";
				CLANG_CXX_LIBRARY = "libc++";
				CLANG_ENABLE_MODULES = YES;
				CLANG_ENABLE_OBJC_ARC = YES;
				CLANG_ENABLE_OBJC_WEAK = YES;
				CLANG_WARN_BLOCK_CAPTURE_AUTORELEASING = YES;
				CLANG_WARN_BOOL_CONVERSION = YES;
				CLANG_WARN_COMMA = YES;
				CLANG_WARN_CONSTANT_CONVERSION = YES;
				CLANG_WARN_DEPRECATED_OBJC_IMPLEMENTATIONS = YES;
				CLANG_WARN_DIRECT_OBJC_ISA_USAGE = YES_ERROR;
				CLANG_WARN_DOCUMENTATION_COMMENTS = YES;
				CLANG_WARN_EMPTY_BODY = YES;
				CLANG_WARN_ENUM_CONVERSION = YES;
				CLANG_WARN_INFINITE_RECURSION = YES;
				CLANG_WARN_INT_CONVERSION = YES;
				CLANG_WARN_NON_LITERAL_NULL_CONVERSION = YES;
				CLANG_WARN_OBJC_IMPLICIT_RETAIN_SELF = YES;
				CLANG_WARN_OBJC_LITERAL_CONVERSION = YES;
				CLANG_WARN_OBJC_ROOT_CLASS = YES_ERROR;
				CLANG_WARN_QUOTED_INCLUDE_IN_FRAMEWORK_HEADER = YES;
				CLANG_WARN_RANGE_LOOP_ANALYSIS = YES;
				CLANG_WARN_STRICT_PROTOTYPES = YES;
				CLANG_WARN_SUSPICIOUS_MOVE = YES;
				CLANG_WARN_UNGUARDED_AVAILABILITY = YES_AGGRESSIVE;
				CLANG_WARN_UNREACHABLE_CODE = YES;
				CLANG_WARN__DUPLICATE_METHOD_MATCH = YES;
				CODE_SIGN_IDENTITY = "iPhone Developer";
				COPY_PHASE_STRIP = NO;
				DEBUG_INFORMATION_FORMAT = dwarf;
				"DEVELOPMENT_TEAM[sdk=*]" = "";
				ENABLE_STRICT_OBJC_MSGSEND = YES;
				ENABLE_TESTABILITY = YES;
				GCC_C_LANGUAGE_STANDARD = gnu11;
				GCC_DYNAMIC_NO_PIC = NO;
				GCC_NO_COMMON_BLOCKS = YES;
				GCC_OPTIMIZATION_LEVEL = 0;
				GCC_PREPROCESSOR_DEFINITIONS = (
					"DEBUG=1",
					"$(inherited)",
				);
				GCC_WARN_64_TO_32_BIT_CONVERSION = YES;
				GCC_WARN_ABOUT_RETURN_TYPE = YES_ERROR;
				GCC_WARN_UNDECLARED_SELECTOR = YES;
				GCC_WARN_UNINITIALIZED_AUTOS = YES_AGGRESSIVE;
				GCC_WARN_UNUSED_FUNCTION = YES;
				GCC_WARN_UNUSED_VARIABLE = YES;
				IPHONEOS_DEPLOYMENT_TARGET = 13.0;
				MTL_ENABLE_DEBUG_INFO = INCLUDE_SOURCE;
				MTL_FAST_MATH = YES;
				ONLY_ACTIVE_ARCH = YES;
				SDKROOT = iphoneos;
				SWIFT_ACTIVE_COMPILATION_CONDITIONS = DEBUG;
				SWIFT_OPTIMIZATION_LEVEL = "-Onone";
			};
			name = Debug;
		};
		26391C792414562B009BDAA4 /* Release */ = {
			isa = XCBuildConfiguration;
			buildSettings = {
				ALWAYS_SEARCH_USER_PATHS = NO;
				CLANG_ANALYZER_NONNULL = YES;
				CLANG_ANALYZER_NUMBER_OBJECT_CONVERSION = YES_AGGRESSIVE;
				CLANG_CXX_LANGUAGE_STANDARD = "gnu++14";
				CLANG_CXX_LIBRARY = "libc++";
				CLANG_ENABLE_MODULES = YES;
				CLANG_ENABLE_OBJC_ARC = YES;
				CLANG_ENABLE_OBJC_WEAK = YES;
				CLANG_WARN_BLOCK_CAPTURE_AUTORELEASING = YES;
				CLANG_WARN_BOOL_CONVERSION = YES;
				CLANG_WARN_COMMA = YES;
				CLANG_WARN_CONSTANT_CONVERSION = YES;
				CLANG_WARN_DEPRECATED_OBJC_IMPLEMENTATIONS = YES;
				CLANG_WARN_DIRECT_OBJC_ISA_USAGE = YES_ERROR;
				CLANG_WARN_DOCUMENTATION_COMMENTS = YES;
				CLANG_WARN_EMPTY_BODY = YES;
				CLANG_WARN_ENUM_CONVERSION = YES;
				CLANG_WARN_INFINITE_RECURSION = YES;
				CLANG_WARN_INT_CONVERSION = YES;
				CLANG_WARN_NON_LITERAL_NULL_CONVERSION = YES;
				CLANG_WARN_OBJC_IMPLICIT_RETAIN_SELF = YES;
				CLANG_WARN_OBJC_LITERAL_CONVERSION = YES;
				CLANG_WARN_OBJC_ROOT_CLASS = YES_ERROR;
				CLANG_WARN_QUOTED_INCLUDE_IN_FRAMEWORK_HEADER = YES;
				CLANG_WARN_RANGE_LOOP_ANALYSIS = YES;
				CLANG_WARN_STRICT_PROTOTYPES = YES;
				CLANG_WARN_SUSPICIOUS_MOVE = YES;
				CLANG_WARN_UNGUARDED_AVAILABILITY = YES_AGGRESSIVE;
				CLANG_WARN_UNREACHABLE_CODE = YES;
				CLANG_WARN__DUPLICATE_METHOD_MATCH = YES;
				CODE_SIGN_IDENTITY = "iPhone Developer";
				COPY_PHASE_STRIP = NO;
				DEBUG_INFORMATION_FORMAT = "dwarf-with-dsym";
				"DEVELOPMENT_TEAM[sdk=*]" = "";
				ENABLE_NS_ASSERTIONS = NO;
				ENABLE_STRICT_OBJC_MSGSEND = YES;
				GCC_C_LANGUAGE_STANDARD = gnu11;
				GCC_NO_COMMON_BLOCKS = YES;
				GCC_WARN_64_TO_32_BIT_CONVERSION = YES;
				GCC_WARN_ABOUT_RETURN_TYPE = YES_ERROR;
				GCC_WARN_UNDECLARED_SELECTOR = YES;
				GCC_WARN_UNINITIALIZED_AUTOS = YES_AGGRESSIVE;
				GCC_WARN_UNUSED_FUNCTION = YES;
				GCC_WARN_UNUSED_VARIABLE = YES;
				IPHONEOS_DEPLOYMENT_TARGET = 13.0;
				MTL_ENABLE_DEBUG_INFO = NO;
				MTL_FAST_MATH = YES;
				SDKROOT = iphoneos;
				SWIFT_COMPILATION_MODE = wholemodule;
				SWIFT_OPTIMIZATION_LEVEL = "-O";
				VALIDATE_PRODUCT = YES;
			};
			name = Release;
		};
		26391C7B2414562B009BDAA4 /* Debug */ = {
			isa = XCBuildConfiguration;
			buildSettings = {
				ASSETCATALOG_COMPILER_APPICON_NAME = AppIcon;
				CODE_SIGN_STYLE = Automatic;
				DEVELOPMENT_TEAM = AZ585M6X6V;
				INFOPLIST_FILE = Location/Info.plist;
				LD_RUNPATH_SEARCH_PATHS = (
					"$(inherited)",
					"@executable_path/Frameworks",
				);
				PRODUCT_BUNDLE_IDENTIFIER = com.sankalp.Location;
				PRODUCT_NAME = "$(TARGET_NAME)";
				SWIFT_VERSION = 5.0;
				TARGETED_DEVICE_FAMILY = "1,2";
			};
			name = Debug;
		};
		26391C7C2414562B009BDAA4 /* Release */ = {
			isa = XCBuildConfiguration;
			buildSettings = {
				ASSETCATALOG_COMPILER_APPICON_NAME = AppIcon;
				CODE_SIGN_STYLE = Automatic;
				DEVELOPMENT_TEAM = AZ585M6X6V;
				INFOPLIST_FILE = Location/Info.plist;
				LD_RUNPATH_SEARCH_PATHS = (
					"$(inherited)",
					"@executable_path/Frameworks",
				);
				PRODUCT_BUNDLE_IDENTIFIER = com.sankalp.Location;
				PRODUCT_NAME = "$(TARGET_NAME)";
				SWIFT_VERSION = 5.0;
				TARGETED_DEVICE_FAMILY = "1,2";
			};
			name = Release;
		};
/* End XCBuildConfiguration section */

/* Begin XCConfigurationList section */
		26391C6324145628009BDAA4 /* Build configuration list for PBXProject "Location" */ = {
			isa = XCConfigurationList;
			buildConfigurations = (
				26391C782414562B009BDAA4 /* Debug */,
				26391C792414562B009BDAA4 /* Release */,
			);
			defaultConfigurationIsVisible = 0;
			defaultConfigurationName = Release;
		};
		26391C7A2414562B009BDAA4 /* Build configuration list for PBXNativeTarget "Location" */ = {
			isa = XCConfigurationList;
			buildConfigurations = (
				26391C7B2414562B009BDAA4 /* Debug */,
				26391C7C2414562B009BDAA4 /* Release */,
			);
			defaultConfigurationIsVisible = 0;
			defaultConfigurationName = Release;
		};
/* End XCConfigurationList section */

/* Begin XCRemoteSwiftPackageReference section */
		7CBFC615278E38D70088DF56 /* XCRemoteSwiftPackageReference "Alamofire" */ = {
			isa = XCRemoteSwiftPackageReference;
			repositoryURL = "https://github.com/Alamofire/Alamofire.git";
			requirement = {
				kind = upToNextMajorVersion;
				minimumVersion = 5.0.0;
			};
		};
/* End XCRemoteSwiftPackageReference section */

/* Begin XCSwiftPackageProductDependency section */
		7CBFC616278E38D70088DF56 /* Alamofire */ = {
			isa = XCSwiftPackageProductDependency;
			package = 7CBFC615278E38D70088DF56 /* XCRemoteSwiftPackageReference "Alamofire" */;
			productName = Alamofire;
		};
/* End XCSwiftPackageProductDependency section */
	};
	rootObject = 26391C6024145628009BDAA4 /* Project object */;
}
